// !$*UTF8*$!
{
	archiveVersion = 1;
	classes = {
	};
	objectVersion = 56;
	objects = {

/* Begin PBXBuildFile section */
		1883EE992C77C7BD00708B71 /* tbdex_walletApp.swift in Sources */ = {isa = PBXBuildFile; fileRef = 1883EE982C77C7BD00708B71 /* tbdex_walletApp.swift */; };
		1883EE9B2C77C7BD00708B71 /* ContentView.swift in Sources */ = {isa = PBXBuildFile; fileRef = 1883EE9A2C77C7BD00708B71 /* ContentView.swift */; };
		1883EE9D2C77C7C200708B71 /* Assets.xcassets in Resources */ = {isa = PBXBuildFile; fileRef = 1883EE9C2C77C7C200708B71 /* Assets.xcassets */; };
		1883EEA02C77C7C200708B71 /* Preview Assets.xcassets in Resources */ = {isa = PBXBuildFile; fileRef = 1883EE9F2C77C7C200708B71 /* Preview Assets.xcassets */; };
		1883EEAA2C77C7C200708B71 /* tbdex_walletTests.swift in Sources */ = {isa = PBXBuildFile; fileRef = 1883EEA92C77C7C200708B71 /* tbdex_walletTests.swift */; };
		1883EEB42C77C7C300708B71 /* tbdex_walletUITests.swift in Sources */ = {isa = PBXBuildFile; fileRef = 1883EEB32C77C7C300708B71 /* tbdex_walletUITests.swift */; };
		1883EEB62C77C7C300708B71 /* tbdex_walletUITestsLaunchTests.swift in Sources */ = {isa = PBXBuildFile; fileRef = 1883EEB52C77C7C300708B71 /* tbdex_walletUITestsLaunchTests.swift */; };
/* End PBXBuildFile section */

/* Begin PBXContainerItemProxy section */
		1883EEA62C77C7C200708B71 /* PBXContainerItemProxy */ = {
			isa = PBXContainerItemProxy;
			containerPortal = 1883EE8D2C77C7BD00708B71 /* Project object */;
			proxyType = 1;
			remoteGlobalIDString = 1883EE942C77C7BD00708B71;
			remoteInfo = "tbdex-wallet";
		};
		1883EEB02C77C7C300708B71 /* PBXContainerItemProxy */ = {
			isa = PBXContainerItemProxy;
			containerPortal = 1883EE8D2C77C7BD00708B71 /* Project object */;
			proxyType = 1;
			remoteGlobalIDString = 1883EE942C77C7BD00708B71;
			remoteInfo = "tbdex-wallet";
		};
/* End PBXContainerItemProxy section */

/* Begin PBXFileReference section */
		1883EE952C77C7BD00708B71 /* tbdex-wallet.app */ = {isa = PBXFileReference; explicitFileType = wrapper.application; includeInIndex = 0; path = "tbdex-wallet.app"; sourceTree = BUILT_PRODUCTS_DIR; };
		1883EE982C77C7BD00708B71 /* tbdex_walletApp.swift */ = {isa = PBXFileReference; lastKnownFileType = sourcecode.swift; path = tbdex_walletApp.swift; sourceTree = "<group>"; };
		1883EE9A2C77C7BD00708B71 /* ContentView.swift */ = {isa = PBXFileReference; lastKnownFileType = sourcecode.swift; path = ContentView.swift; sourceTree = "<group>"; };
		1883EE9C2C77C7C200708B71 /* Assets.xcassets */ = {isa = PBXFileReference; lastKnownFileType = folder.assetcatalog; path = Assets.xcassets; sourceTree = "<group>"; };
		1883EE9F2C77C7C200708B71 /* Preview Assets.xcassets */ = {isa = PBXFileReference; lastKnownFileType = folder.assetcatalog; path = "Preview Assets.xcassets"; sourceTree = "<group>"; };
		1883EEA52C77C7C200708B71 /* tbdex-walletTests.xctest */ = {isa = PBXFileReference; explicitFileType = wrapper.cfbundle; includeInIndex = 0; path = "tbdex-walletTests.xctest"; sourceTree = BUILT_PRODUCTS_DIR; };
		1883EEA92C77C7C200708B71 /* tbdex_walletTests.swift */ = {isa = PBXFileReference; lastKnownFileType = sourcecode.swift; path = tbdex_walletTests.swift; sourceTree = "<group>"; };
		1883EEAF2C77C7C300708B71 /* tbdex-walletUITests.xctest */ = {isa = PBXFileReference; explicitFileType = wrapper.cfbundle; includeInIndex = 0; path = "tbdex-walletUITests.xctest"; sourceTree = BUILT_PRODUCTS_DIR; };
		1883EEB32C77C7C300708B71 /* tbdex_walletUITests.swift */ = {isa = PBXFileReference; lastKnownFileType = sourcecode.swift; path = tbdex_walletUITests.swift; sourceTree = "<group>"; };
		1883EEB52C77C7C300708B71 /* tbdex_walletUITestsLaunchTests.swift */ = {isa = PBXFileReference; lastKnownFileType = sourcecode.swift; path = tbdex_walletUITestsLaunchTests.swift; sourceTree = "<group>"; };
/* End PBXFileReference section */

/* Begin PBXFrameworksBuildPhase section */
		1883EE922C77C7BD00708B71 /* Frameworks */ = {
			isa = PBXFrameworksBuildPhase;
			buildActionMask = 2147483647;
			files = (
			);
			runOnlyForDeploymentPostprocessing = 0;
		};
		1883EEA22C77C7C200708B71 /* Frameworks */ = {
			isa = PBXFrameworksBuildPhase;
			buildActionMask = 2147483647;
			files = (
			);
			runOnlyForDeploymentPostprocessing = 0;
		};
		1883EEAC2C77C7C300708B71 /* Frameworks */ = {
			isa = PBXFrameworksBuildPhase;
			buildActionMask = 2147483647;
			files = (
			);
			runOnlyForDeploymentPostprocessing = 0;
		};
/* End PBXFrameworksBuildPhase section */

/* Begin PBXGroup section */
		1883EE8C2C77C7BD00708B71 = {
			isa = PBXGroup;
			children = (
				1883EE972C77C7BD00708B71 /* tbdex-wallet */,
				1883EEA82C77C7C200708B71 /* tbdex-walletTests */,
				1883EEB22C77C7C300708B71 /* tbdex-walletUITests */,
				1883EE962C77C7BD00708B71 /* Products */,
			);
			sourceTree = "<group>";
		};
		1883EE962C77C7BD00708B71 /* Products */ = {
			isa = PBXGroup;
			children = (
				1883EE952C77C7BD00708B71 /* tbdex-wallet.app */,
				1883EEA52C77C7C200708B71 /* tbdex-walletTests.xctest */,
				1883EEAF2C77C7C300708B71 /* tbdex-walletUITests.xctest */,
			);
			name = Products;
			sourceTree = "<group>";
		};
		1883EE972C77C7BD00708B71 /* tbdex-wallet */ = {
			isa = PBXGroup;
			children = (
				1883EE982C77C7BD00708B71 /* tbdex_walletApp.swift */,
				1883EE9A2C77C7BD00708B71 /* ContentView.swift */,
				1883EE9C2C77C7C200708B71 /* Assets.xcassets */,
				1883EE9E2C77C7C200708B71 /* Preview Content */,
			);
			path = "tbdex-wallet";
			sourceTree = "<group>";
		};
		1883EE9E2C77C7C200708B71 /* Preview Content */ = {
			isa = PBXGroup;
			children = (
				1883EE9F2C77C7C200708B71 /* Preview Assets.xcassets */,
			);
			path = "Preview Content";
			sourceTree = "<group>";
		};
		1883EEA82C77C7C200708B71 /* tbdex-walletTests */ = {
			isa = PBXGroup;
			children = (
				1883EEA92C77C7C200708B71 /* tbdex_walletTests.swift */,
			);
			path = "tbdex-walletTests";
			sourceTree = "<group>";
		};
		1883EEB22C77C7C300708B71 /* tbdex-walletUITests */ = {
			isa = PBXGroup;
			children = (
				1883EEB32C77C7C300708B71 /* tbdex_walletUITests.swift */,
				1883EEB52C77C7C300708B71 /* tbdex_walletUITestsLaunchTests.swift */,
			);
			path = "tbdex-walletUITests";
			sourceTree = "<group>";
		};
/* End PBXGroup section */

/* Begin PBXNativeTarget section */
		1883EE942C77C7BD00708B71 /* tbdex-wallet */ = {
			isa = PBXNativeTarget;
			buildConfigurationList = 1883EEB92C77C7C300708B71 /* Build configuration list for PBXNativeTarget "tbdex-wallet" */;
			buildPhases = (
				1883EE912C77C7BD00708B71 /* Sources */,
				1883EE922C77C7BD00708B71 /* Frameworks */,
				1883EE932C77C7BD00708B71 /* Resources */,
			);
			buildRules = (
			);
			dependencies = (
			);
			name = "tbdex-wallet";
			productName = "tbdex-wallet";
			productReference = 1883EE952C77C7BD00708B71 /* tbdex-wallet.app */;
			productType = "com.apple.product-type.application";
		};
		1883EEA42C77C7C200708B71 /* tbdex-walletTests */ = {
			isa = PBXNativeTarget;
			buildConfigurationList = 1883EEBC2C77C7C300708B71 /* Build configuration list for PBXNativeTarget "tbdex-walletTests" */;
			buildPhases = (
				1883EEA12C77C7C200708B71 /* Sources */,
				1883EEA22C77C7C200708B71 /* Frameworks */,
				1883EEA32C77C7C200708B71 /* Resources */,
			);
			buildRules = (
			);
			dependencies = (
				1883EEA72C77C7C200708B71 /* PBXTargetDependency */,
			);
			name = "tbdex-walletTests";
			productName = "tbdex-walletTests";
			productReference = 1883EEA52C77C7C200708B71 /* tbdex-walletTests.xctest */;
			productType = "com.apple.product-type.bundle.unit-test";
		};
		1883EEAE2C77C7C300708B71 /* tbdex-walletUITests */ = {
			isa = PBXNativeTarget;
			buildConfigurationList = 1883EEBF2C77C7C300708B71 /* Build configuration list for PBXNativeTarget "tbdex-walletUITests" */;
			buildPhases = (
				1883EEAB2C77C7C300708B71 /* Sources */,
				1883EEAC2C77C7C300708B71 /* Frameworks */,
				1883EEAD2C77C7C300708B71 /* Resources */,
			);
			buildRules = (
			);
			dependencies = (
				1883EEB12C77C7C300708B71 /* PBXTargetDependency */,
			);
			name = "tbdex-walletUITests";
			productName = "tbdex-walletUITests";
			productReference = 1883EEAF2C77C7C300708B71 /* tbdex-walletUITests.xctest */;
			productType = "com.apple.product-type.bundle.ui-testing";
		};
/* End PBXNativeTarget section */

/* Begin PBXProject section */
		1883EE8D2C77C7BD00708B71 /* Project object */ = {
			isa = PBXProject;
			attributes = {
				BuildIndependentTargetsInParallel = 1;
				LastSwiftUpdateCheck = 1520;
				LastUpgradeCheck = 1520;
				TargetAttributes = {
					1883EE942C77C7BD00708B71 = {
						CreatedOnToolsVersion = 15.2;
					};
					1883EEA42C77C7C200708B71 = {
						CreatedOnToolsVersion = 15.2;
						TestTargetID = 1883EE942C77C7BD00708B71;
					};
					1883EEAE2C77C7C300708B71 = {
						CreatedOnToolsVersion = 15.2;
						TestTargetID = 1883EE942C77C7BD00708B71;
					};
				};
			};
			buildConfigurationList = 1883EE902C77C7BD00708B71 /* Build configuration list for PBXProject "tbdex-wallet" */;
			compatibilityVersion = "Xcode 14.0";
			developmentRegion = en;
			hasScannedForEncodings = 0;
			knownRegions = (
				en,
				Base,
			);
			mainGroup = 1883EE8C2C77C7BD00708B71;
			productRefGroup = 1883EE962C77C7BD00708B71 /* Products */;
			projectDirPath = "";
			projectRoot = "";
			targets = (
				1883EE942C77C7BD00708B71 /* tbdex-wallet */,
				1883EEA42C77C7C200708B71 /* tbdex-walletTests */,
				1883EEAE2C77C7C300708B71 /* tbdex-walletUITests */,
			);
		};
/* End PBXProject section */

/* Begin PBXResourcesBuildPhase section */
		1883EE932C77C7BD00708B71 /* Resources */ = {
			isa = PBXResourcesBuildPhase;
			buildActionMask = 2147483647;
			files = (
				1883EEA02C77C7C200708B71 /* Preview Assets.xcassets in Resources */,
				1883EE9D2C77C7C200708B71 /* Assets.xcassets in Resources */,
			);
			runOnlyForDeploymentPostprocessing = 0;
		};
		1883EEA32C77C7C200708B71 /* Resources */ = {
			isa = PBXResourcesBuildPhase;
			buildActionMask = 2147483647;
			files = (
			);
			runOnlyForDeploymentPostprocessing = 0;
		};
		1883EEAD2C77C7C300708B71 /* Resources */ = {
			isa = PBXResourcesBuildPhase;
			buildActionMask = 2147483647;
			files = (
			);
			runOnlyForDeploymentPostprocessing = 0;
		};
/* End PBXResourcesBuildPhase section */

/* Begin PBXSourcesBuildPhase section */
		1883EE912C77C7BD00708B71 /* Sources */ = {
			isa = PBXSourcesBuildPhase;
			buildActionMask = 2147483647;
			files = (
				1883EE9B2C77C7BD00708B71 /* ContentView.swift in Sources */,
				1883EE992C77C7BD00708B71 /* tbdex_walletApp.swift in Sources */,
			);
			runOnlyForDeploymentPostprocessing = 0;
		};
		1883EEA12C77C7C200708B71 /* Sources */ = {
			isa = PBXSourcesBuildPhase;
			buildActionMask = 2147483647;
			files = (
				1883EEAA2C77C7C200708B71 /* tbdex_walletTests.swift in Sources */,
			);
			runOnlyForDeploymentPostprocessing = 0;
		};
		1883EEAB2C77C7C300708B71 /* Sources */ = {
			isa = PBXSourcesBuildPhase;
			buildActionMask = 2147483647;
			files = (
				1883EEB42C77C7C300708B71 /* tbdex_walletUITests.swift in Sources */,
				1883EEB62C77C7C300708B71 /* tbdex_walletUITestsLaunchTests.swift in Sources */,
			);
			runOnlyForDeploymentPostprocessing = 0;
		};
/* End PBXSourcesBuildPhase section */

/* Begin PBXTargetDependency section */
		1883EEA72C77C7C200708B71 /* PBXTargetDependency */ = {
			isa = PBXTargetDependency;
			target = 1883EE942C77C7BD00708B71 /* tbdex-wallet */;
			targetProxy = 1883EEA62C77C7C200708B71 /* PBXContainerItemProxy */;
		};
		1883EEB12C77C7C300708B71 /* PBXTargetDependency */ = {
			isa = PBXTargetDependency;
			target = 1883EE942C77C7BD00708B71 /* tbdex-wallet */;
			targetProxy = 1883EEB02C77C7C300708B71 /* PBXContainerItemProxy */;
		};
/* End PBXTargetDependency section */

/* Begin XCBuildConfiguration section */
		1883EEB72C77C7C300708B71 /* Debug */ = {
			isa = XCBuildConfiguration;
			buildSettings = {
				ALWAYS_SEARCH_USER_PATHS = NO;
				ASSETCATALOG_COMPILER_GENERATE_SWIFT_ASSET_SYMBOL_EXTENSIONS = YES;
				CLANG_ANALYZER_NONNULL = YES;
				CLANG_ANALYZER_NUMBER_OBJECT_CONVERSION = YES_AGGRESSIVE;
				CLANG_CXX_LANGUAGE_STANDARD = "gnu++20";
				CLANG_ENABLE_MODULES = YES;
				CLANG_ENABLE_OBJC_ARC = YES;
				CLANG_ENABLE_OBJC_WEAK = YES;
				CLANG_WARN_BLOCK_CAPTURE_AUTORELEASING = YES;
				CLANG_WARN_BOOL_CONVERSION = YES;
				CLANG_WARN_COMMA = YES;
				CLANG_WARN_CONSTANT_CONVERSION = YES;
				CLANG_WARN_DEPRECATED_OBJC_IMPLEMENTATIONS = YES;
				CLANG_WARN_DIRECT_OBJC_ISA_USAGE = YES_ERROR;
				CLANG_WARN_DOCUMENTATION_COMMENTS = YES;
				CLANG_WARN_EMPTY_BODY = YES;
				CLANG_WARN_ENUM_CONVERSION = YES;
				CLANG_WARN_INFINITE_RECURSION = YES;
				CLANG_WARN_INT_CONVERSION = YES;
				CLANG_WARN_NON_LITERAL_NULL_CONVERSION = YES;
				CLANG_WARN_OBJC_IMPLICIT_RETAIN_SELF = YES;
				CLANG_WARN_OBJC_LITERAL_CONVERSION = YES;
				CLANG_WARN_OBJC_ROOT_CLASS = YES_ERROR;
				CLANG_WARN_QUOTED_INCLUDE_IN_FRAMEWORK_HEADER = YES;
				CLANG_WARN_RANGE_LOOP_ANALYSIS = YES;
				CLANG_WARN_STRICT_PROTOTYPES = YES;
				CLANG_WARN_SUSPICIOUS_MOVE = YES;
				CLANG_WARN_UNGUARDED_AVAILABILITY = YES_AGGRESSIVE;
				CLANG_WARN_UNREACHABLE_CODE = YES;
				CLANG_WARN__DUPLICATE_METHOD_MATCH = YES;
				COPY_PHASE_STRIP = NO;
				DEBUG_INFORMATION_FORMAT = dwarf;
				ENABLE_STRICT_OBJC_MSGSEND = YES;
				ENABLE_TESTABILITY = YES;
				ENABLE_USER_SCRIPT_SANDBOXING = YES;
				GCC_C_LANGUAGE_STANDARD = gnu17;
				GCC_DYNAMIC_NO_PIC = NO;
				GCC_NO_COMMON_BLOCKS = YES;
				GCC_OPTIMIZATION_LEVEL = 0;
				GCC_PREPROCESSOR_DEFINITIONS = (
					"DEBUG=1",
					"$(inherited)",
				);
				GCC_WARN_64_TO_32_BIT_CONVERSION = YES;
				GCC_WARN_ABOUT_RETURN_TYPE = YES_ERROR;
				GCC_WARN_UNDECLARED_SELECTOR = YES;
				GCC_WARN_UNINITIALIZED_AUTOS = YES_AGGRESSIVE;
				GCC_WARN_UNUSED_FUNCTION = YES;
				GCC_WARN_UNUSED_VARIABLE = YES;
				IPHONEOS_DEPLOYMENT_TARGET = 17.2;
				LOCALIZATION_PREFERS_STRING_CATALOGS = YES;
				MTL_ENABLE_DEBUG_INFO = INCLUDE_SOURCE;
				MTL_FAST_MATH = YES;
				ONLY_ACTIVE_ARCH = YES;
				SDKROOT = iphoneos;
				SWIFT_ACTIVE_COMPILATION_CONDITIONS = "DEBUG $(inherited)";
				SWIFT_OPTIMIZATION_LEVEL = "-Onone";
			};
			name = Debug;
		};
		1883EEB82C77C7C300708B71 /* Release */ = {
			isa = XCBuildConfiguration;
			buildSettings = {
				ALWAYS_SEARCH_USER_PATHS = NO;
				ASSETCATALOG_COMPILER_GENERATE_SWIFT_ASSET_SYMBOL_EXTENSIONS = YES;
				CLANG_ANALYZER_NONNULL = YES;
				CLANG_ANALYZER_NUMBER_OBJECT_CONVERSION = YES_AGGRESSIVE;
				CLANG_CXX_LANGUAGE_STANDARD = "gnu++20";
				CLANG_ENABLE_MODULES = YES;
				CLANG_ENABLE_OBJC_ARC = YES;
				CLANG_ENABLE_OBJC_WEAK = YES;
				CLANG_WARN_BLOCK_CAPTURE_AUTORELEASING = YES;
				CLANG_WARN_BOOL_CONVERSION = YES;
				CLANG_WARN_COMMA = YES;
				CLANG_WARN_CONSTANT_CONVERSION = YES;
				CLANG_WARN_DEPRECATED_OBJC_IMPLEMENTATIONS = YES;
				CLANG_WARN_DIRECT_OBJC_ISA_USAGE = YES_ERROR;
				CLANG_WARN_DOCUMENTATION_COMMENTS = YES;
				CLANG_WARN_EMPTY_BODY = YES;
				CLANG_WARN_ENUM_CONVERSION = YES;
				CLANG_WARN_INFINITE_RECURSION = YES;
				CLANG_WARN_INT_CONVERSION = YES;
				CLANG_WARN_NON_LITERAL_NULL_CONVERSION = YES;
				CLANG_WARN_OBJC_IMPLICIT_RETAIN_SELF = YES;
				CLANG_WARN_OBJC_LITERAL_CONVERSION = YES;
				CLANG_WARN_OBJC_ROOT_CLASS = YES_ERROR;
				CLANG_WARN_QUOTED_INCLUDE_IN_FRAMEWORK_HEADER = YES;
				CLANG_WARN_RANGE_LOOP_ANALYSIS = YES;
				CLANG_WARN_STRICT_PROTOTYPES = YES;
				CLANG_WARN_SUSPICIOUS_MOVE = YES;
				CLANG_WARN_UNGUARDED_AVAILABILITY = YES_AGGRESSIVE;
				CLANG_WARN_UNREACHABLE_CODE = YES;
				CLANG_WARN__DUPLICATE_METHOD_MATCH = YES;
				COPY_PHASE_STRIP = NO;
				DEBUG_INFORMATION_FORMAT = "dwarf-with-dsym";
				ENABLE_NS_ASSERTIONS = NO;
				ENABLE_STRICT_OBJC_MSGSEND = YES;
				ENABLE_USER_SCRIPT_SANDBOXING = YES;
				GCC_C_LANGUAGE_STANDARD = gnu17;
				GCC_NO_COMMON_BLOCKS = YES;
				GCC_WARN_64_TO_32_BIT_CONVERSION = YES;
				GCC_WARN_ABOUT_RETURN_TYPE = YES_ERROR;
				GCC_WARN_UNDECLARED_SELECTOR = YES;
				GCC_WARN_UNINITIALIZED_AUTOS = YES_AGGRESSIVE;
				GCC_WARN_UNUSED_FUNCTION = YES;
				GCC_WARN_UNUSED_VARIABLE = YES;
				IPHONEOS_DEPLOYMENT_TARGET = 17.2;
				LOCALIZATION_PREFERS_STRING_CATALOGS = YES;
				MTL_ENABLE_DEBUG_INFO = NO;
				MTL_FAST_MATH = YES;
				SDKROOT = iphoneos;
				SWIFT_COMPILATION_MODE = wholemodule;
				VALIDATE_PRODUCT = YES;
			};
			name = Release;
		};
		1883EEBA2C77C7C300708B71 /* Debug */ = {
			isa = XCBuildConfiguration;
			buildSettings = {
				ASSETCATALOG_COMPILER_APPICON_NAME = AppIcon;
				ASSETCATALOG_COMPILER_GLOBAL_ACCENT_COLOR_NAME = AccentColor;
				CODE_SIGN_STYLE = Automatic;
				CURRENT_PROJECT_VERSION = 1;
				DEVELOPMENT_ASSET_PATHS = "\"tbdex-wallet/Preview Content\"";
				DEVELOPMENT_TEAM = JCNVK7XSG9;
				ENABLE_PREVIEWS = YES;
				GENERATE_INFOPLIST_FILE = YES;
				INFOPLIST_KEY_UIApplicationSceneManifest_Generation = YES;
				INFOPLIST_KEY_UIApplicationSupportsIndirectInputEvents = YES;
				INFOPLIST_KEY_UILaunchScreen_Generation = YES;
				INFOPLIST_KEY_UISupportedInterfaceOrientations_iPad = "UIInterfaceOrientationPortrait UIInterfaceOrientationPortraitUpsideDown UIInterfaceOrientationLandscapeLeft UIInterfaceOrientationLandscapeRight";
				INFOPLIST_KEY_UISupportedInterfaceOrientations_iPhone = "UIInterfaceOrientationPortrait UIInterfaceOrientationLandscapeLeft UIInterfaceOrientationLandscapeRight";
				LD_RUNPATH_SEARCH_PATHS = (
					"$(inherited)",
					"@executable_path/Frameworks",
				);
				MARKETING_VERSION = 1.0;
				PRODUCT_BUNDLE_IDENTIFIER = "opc.dauda.tech.tbdex-wallet";
				PRODUCT_NAME = "$(TARGET_NAME)";
				SWIFT_EMIT_LOC_STRINGS = YES;
				SWIFT_VERSION = 5.0;
				TARGETED_DEVICE_FAMILY = "1,2";
			};
			name = Debug;
		};
		1883EEBB2C77C7C300708B71 /* Release */ = {
			isa = XCBuildConfiguration;
			buildSettings = {
				ASSETCATALOG_COMPILER_APPICON_NAME = AppIcon;
				ASSETCATALOG_COMPILER_GLOBAL_ACCENT_COLOR_NAME = AccentColor;
				CODE_SIGN_STYLE = Automatic;
				CURRENT_PROJECT_VERSION = 1;
				DEVELOPMENT_ASSET_PATHS = "\"tbdex-wallet/Preview Content\"";
				DEVELOPMENT_TEAM = JCNVK7XSG9;
				ENABLE_PREVIEWS = YES;
				GENERATE_INFOPLIST_FILE = YES;
				INFOPLIST_KEY_UIApplicationSceneManifest_Generation = YES;
				INFOPLIST_KEY_UIApplicationSupportsIndirectInputEvents = YES;
				INFOPLIST_KEY_UILaunchScreen_Generation = YES;
				INFOPLIST_KEY_UISupportedInterfaceOrientations_iPad = "UIInterfaceOrientationPortrait UIInterfaceOrientationPortraitUpsideDown UIInterfaceOrientationLandscapeLeft UIInterfaceOrientationLandscapeRight";
				INFOPLIST_KEY_UISupportedInterfaceOrientations_iPhone = "UIInterfaceOrientationPortrait UIInterfaceOrientationLandscapeLeft UIInterfaceOrientationLandscapeRight";
				LD_RUNPATH_SEARCH_PATHS = (
					"$(inherited)",
					"@executable_path/Frameworks",
				);
				MARKETING_VERSION = 1.0;
				PRODUCT_BUNDLE_IDENTIFIER = "opc.dauda.tech.tbdex-wallet";
				PRODUCT_NAME = "$(TARGET_NAME)";
				SWIFT_EMIT_LOC_STRINGS = YES;
				SWIFT_VERSION = 5.0;
				TARGETED_DEVICE_FAMILY = "1,2";
			};
			name = Release;
		};
		1883EEBD2C77C7C300708B71 /* Debug */ = {
			isa = XCBuildConfiguration;
			buildSettings = {
				ALWAYS_EMBED_SWIFT_STANDARD_LIBRARIES = YES;
				BUNDLE_LOADER = "$(TEST_HOST)";
				CODE_SIGN_STYLE = Automatic;
				CURRENT_PROJECT_VERSION = 1;
				DEVELOPMENT_TEAM = JCNVK7XSG9;
				GENERATE_INFOPLIST_FILE = YES;
				IPHONEOS_DEPLOYMENT_TARGET = 17.2;
				MARKETING_VERSION = 1.0;
				PRODUCT_BUNDLE_IDENTIFIER = "opc.dauda.tech.tbdex-walletTests";
				PRODUCT_NAME = "$(TARGET_NAME)";
				SWIFT_EMIT_LOC_STRINGS = NO;
				SWIFT_VERSION = 5.0;
				TARGETED_DEVICE_FAMILY = "1,2";
				TEST_HOST = "$(BUILT_PRODUCTS_DIR)/tbdex-wallet.app/$(BUNDLE_EXECUTABLE_FOLDER_PATH)/tbdex-wallet";
			};
			name = Debug;
		};
		1883EEBE2C77C7C300708B71 /* Release */ = {
			isa = XCBuildConfiguration;
			buildSettings = {
				ALWAYS_EMBED_SWIFT_STANDARD_LIBRARIES = YES;
				BUNDLE_LOADER = "$(TEST_HOST)";
				CODE_SIGN_STYLE = Automatic;
				CURRENT_PROJECT_VERSION = 1;
				DEVELOPMENT_TEAM = JCNVK7XSG9;
				GENERATE_INFOPLIST_FILE = YES;
				IPHONEOS_DEPLOYMENT_TARGET = 17.2;
				MARKETING_VERSION = 1.0;
				PRODUCT_BUNDLE_IDENTIFIER = "opc.dauda.tech.tbdex-walletTests";
				PRODUCT_NAME = "$(TARGET_NAME)";
				SWIFT_EMIT_LOC_STRINGS = NO;
				SWIFT_VERSION = 5.0;
				TARGETED_DEVICE_FAMILY = "1,2";
				TEST_HOST = "$(BUILT_PRODUCTS_DIR)/tbdex-wallet.app/$(BUNDLE_EXECUTABLE_FOLDER_PATH)/tbdex-wallet";
			};
			name = Release;
		};
		1883EEC02C77C7C300708B71 /* Debug */ = {
			isa = XCBuildConfiguration;
			buildSettings = {
				ALWAYS_EMBED_SWIFT_STANDARD_LIBRARIES = YES;
				CODE_SIGN_STYLE = Automatic;
				CURRENT_PROJECT_VERSION = 1;
				DEVELOPMENT_TEAM = JCNVK7XSG9;
				GENERATE_INFOPLIST_FILE = YES;
				MARKETING_VERSION = 1.0;
				PRODUCT_BUNDLE_IDENTIFIER = "opc.dauda.tech.tbdex-walletUITests";
				PRODUCT_NAME = "$(TARGET_NAME)";
				SWIFT_EMIT_LOC_STRINGS = NO;
				SWIFT_VERSION = 5.0;
				TARGETED_DEVICE_FAMILY = "1,2";
				TEST_TARGET_NAME = "tbdex-wallet";
			};
			name = Debug;
		};
		1883EEC12C77C7C300708B71 /* Release */ = {
			isa = XCBuildConfiguration;
			buildSettings = {
				ALWAYS_EMBED_SWIFT_STANDARD_LIBRARIES = YES;
				CODE_SIGN_STYLE = Automatic;
				CURRENT_PROJECT_VERSION = 1;
				DEVELOPMENT_TEAM = JCNVK7XSG9;
				GENERATE_INFOPLIST_FILE = YES;
				MARKETING_VERSION = 1.0;
				PRODUCT_BUNDLE_IDENTIFIER = "opc.dauda.tech.tbdex-walletUITests";
				PRODUCT_NAME = "$(TARGET_NAME)";
				SWIFT_EMIT_LOC_STRINGS = NO;
				SWIFT_VERSION = 5.0;
				TARGETED_DEVICE_FAMILY = "1,2";
				TEST_TARGET_NAME = "tbdex-wallet";
			};
			name = Release;
		};
/* End XCBuildConfiguration section */

/* Begin XCConfigurationList section */
		1883EE902C77C7BD00708B71 /* Build configuration list for PBXProject "tbdex-wallet" */ = {
			isa = XCConfigurationList;
			buildConfigurations = (
				1883EEB72C77C7C300708B71 /* Debug */,
				1883EEB82C77C7C300708B71 /* Release */,
			);
			defaultConfigurationIsVisible = 0;
			defaultConfigurationName = Release;
		};
		1883EEB92C77C7C300708B71 /* Build configuration list for PBXNativeTarget "tbdex-wallet" */ = {
			isa = XCConfigurationList;
			buildConfigurations = (
				1883EEBA2C77C7C300708B71 /* Debug */,
				1883EEBB2C77C7C300708B71 /* Release */,
			);
			defaultConfigurationIsVisible = 0;
			defaultConfigurationName = Release;
		};
		1883EEBC2C77C7C300708B71 /* Build configuration list for PBXNativeTarget "tbdex-walletTests" */ = {
			isa = XCConfigurationList;
			buildConfigurations = (
				1883EEBD2C77C7C300708B71 /* Debug */,
				1883EEBE2C77C7C300708B71 /* Release */,
			);
			defaultConfigurationIsVisible = 0;
			defaultConfigurationName = Release;
		};
		1883EEBF2C77C7C300708B71 /* Build configuration list for PBXNativeTarget "tbdex-walletUITests" */ = {
			isa = XCConfigurationList;
			buildConfigurations = (
				1883EEC02C77C7C300708B71 /* Debug */,
				1883EEC12C77C7C300708B71 /* Release */,
			);
			defaultConfigurationIsVisible = 0;
			defaultConfigurationName = Release;
		};
/* End XCConfigurationList section */
	};
	rootObject = 1883EE8D2C77C7BD00708B71 /* Project object */;
}
